// !$*UTF8*$!
{
	archiveVersion = 1;
	classes = {
	};
	objectVersion = 46;
	objects = {

/* Begin PBXBuildFile section */
		D7637EB21D90EEFA002012DC /* AppDelegate.swift in Sources */ = {isa = PBXBuildFile; fileRef = D7637EB11D90EEFA002012DC /* AppDelegate.swift */; };
		D7637EB41D90EEFA002012DC /* ViewController.swift in Sources */ = {isa = PBXBuildFile; fileRef = D7637EB31D90EEFA002012DC /* ViewController.swift */; };
		D7637EB71D90EEFA002012DC /* Main.storyboard in Resources */ = {isa = PBXBuildFile; fileRef = D7637EB51D90EEFA002012DC /* Main.storyboard */; };
		D7637EB91D90EEFA002012DC /* Assets.xcassets in Resources */ = {isa = PBXBuildFile; fileRef = D7637EB81D90EEFA002012DC /* Assets.xcassets */; };
		D7637EBC1D90EEFA002012DC /* LaunchScreen.storyboard in Resources */ = {isa = PBXBuildFile; fileRef = D7637EBA1D90EEFA002012DC /* LaunchScreen.storyboard */; };
		D7637EC71D90EEFA002012DC /* TippyTests.swift in Sources */ = {isa = PBXBuildFile; fileRef = D7637EC61D90EEFA002012DC /* TippyTests.swift */; };
		D7637ED21D90EEFA002012DC /* TippyUITests.swift in Sources */ = {isa = PBXBuildFile; fileRef = D7637ED11D90EEFA002012DC /* TippyUITests.swift */; };
/* End PBXBuildFile section */

/* Begin PBXContainerItemProxy section */
		D7637EC31D90EEFA002012DC /* PBXContainerItemProxy */ = {
			isa = PBXContainerItemProxy;
			containerPortal = D7637EA61D90EEFA002012DC /* Project object */;
			proxyType = 1;
			remoteGlobalIDString = D7637EAD1D90EEFA002012DC;
			remoteInfo = Tippy;
		};
		D7637ECE1D90EEFA002012DC /* PBXContainerItemProxy */ = {
			isa = PBXContainerItemProxy;
			containerPortal = D7637EA61D90EEFA002012DC /* Project object */;
			proxyType = 1;
			remoteGlobalIDString = D7637EAD1D90EEFA002012DC;
			remoteInfo = Tippy;
		};
/* End PBXContainerItemProxy section */

/* Begin PBXFileReference section */
		D7637EAE1D90EEFA002012DC /* Tippy.app */ = {isa = PBXFileReference; explicitFileType = wrapper.application; includeInIndex = 0; path = Tippy.app; sourceTree = BUILT_PRODUCTS_DIR; };
		D7637EB11D90EEFA002012DC /* AppDelegate.swift */ = {isa = PBXFileReference; lastKnownFileType = sourcecode.swift; path = AppDelegate.swift; sourceTree = "<group>"; };
		D7637EB31D90EEFA002012DC /* ViewController.swift */ = {isa = PBXFileReference; lastKnownFileType = sourcecode.swift; path = ViewController.swift; sourceTree = "<group>"; };
		D7637EB61D90EEFA002012DC /* Base */ = {isa = PBXFileReference; lastKnownFileType = file.storyboard; name = Base; path = Base.lproj/Main.storyboard; sourceTree = "<group>"; };
		D7637EB81D90EEFA002012DC /* Assets.xcassets */ = {isa = PBXFileReference; lastKnownFileType = folder.assetcatalog; path = Assets.xcassets; sourceTree = "<group>"; };
		D7637EBB1D90EEFA002012DC /* Base */ = {isa = PBXFileReference; lastKnownFileType = file.storyboard; name = Base; path = Base.lproj/LaunchScreen.storyboard; sourceTree = "<group>"; };
		D7637EBD1D90EEFA002012DC /* Info.plist */ = {isa = PBXFileReference; lastKnownFileType = text.plist.xml; path = Info.plist; sourceTree = "<group>"; };
		D7637EC21D90EEFA002012DC /* TippyTests.xctest */ = {isa = PBXFileReference; explicitFileType = wrapper.cfbundle; includeInIndex = 0; path = TippyTests.xctest; sourceTree = BUILT_PRODUCTS_DIR; };
		D7637EC61D90EEFA002012DC /* TippyTests.swift */ = {isa = PBXFileReference; lastKnownFileType = sourcecode.swift; path = TippyTests.swift; sourceTree = "<group>"; };
		D7637EC81D90EEFA002012DC /* Info.plist */ = {isa = PBXFileReference; lastKnownFileType = text.plist.xml; path = Info.plist; sourceTree = "<group>"; };
		D7637ECD1D90EEFA002012DC /* TippyUITests.xctest */ = {isa = PBXFileReference; explicitFileType = wrapper.cfbundle; includeInIndex = 0; path = TippyUITests.xctest; sourceTree = BUILT_PRODUCTS_DIR; };
		D7637ED11D90EEFA002012DC /* TippyUITests.swift */ = {isa = PBXFileReference; lastKnownFileType = sourcecode.swift; path = TippyUITests.swift; sourceTree = "<group>"; };
		D7637ED31D90EEFA002012DC /* Info.plist */ = {isa = PBXFileReference; lastKnownFileType = text.plist.xml; path = Info.plist; sourceTree = "<group>"; };
/* End PBXFileReference section */

/* Begin PBXFrameworksBuildPhase section */
		D7637EAB1D90EEFA002012DC /* Frameworks */ = {
			isa = PBXFrameworksBuildPhase;
			buildActionMask = 2147483647;
			files = (
			);
			runOnlyForDeploymentPostprocessing = 0;
		};
		D7637EBF1D90EEFA002012DC /* Frameworks */ = {
			isa = PBXFrameworksBuildPhase;
			buildActionMask = 2147483647;
			files = (
			);
			runOnlyForDeploymentPostprocessing = 0;
		};
		D7637ECA1D90EEFA002012DC /* Frameworks */ = {
			isa = PBXFrameworksBuildPhase;
			buildActionMask = 2147483647;
			files = (
			);
			runOnlyForDeploymentPostprocessing = 0;
		};
/* End PBXFrameworksBuildPhase section */

/* Begin PBXGroup section */
		D7637EA51D90EEFA002012DC = {
			isa = PBXGroup;
			children = (
				D7637EB01D90EEFA002012DC /* Tippy */,
				D7637EC51D90EEFA002012DC /* TippyTests */,
				D7637ED01D90EEFA002012DC /* TippyUITests */,
				D7637EAF1D90EEFA002012DC /* Products */,
			);
			sourceTree = "<group>";
		};
		D7637EAF1D90EEFA002012DC /* Products */ = {
			isa = PBXGroup;
			children = (
				D7637EAE1D90EEFA002012DC /* Tippy.app */,
				D7637EC21D90EEFA002012DC /* TippyTests.xctest */,
				D7637ECD1D90EEFA002012DC /* TippyUITests.xctest */,
			);
			name = Products;
			sourceTree = "<group>";
		};
		D7637EB01D90EEFA002012DC /* Tippy */ = {
			isa = PBXGroup;
			children = (
				D7637EB11D90EEFA002012DC /* AppDelegate.swift */,
				D7637EB31D90EEFA002012DC /* ViewController.swift */,
				D7637EB51D90EEFA002012DC /* Main.storyboard */,
				D7637EB81D90EEFA002012DC /* Assets.xcassets */,
				D7637EBA1D90EEFA002012DC /* LaunchScreen.storyboard */,
				D7637EBD1D90EEFA002012DC /* Info.plist */,
			);
			path = Tippy;
			sourceTree = "<group>";
		};
		D7637EC51D90EEFA002012DC /* TippyTests */ = {
			isa = PBXGroup;
			children = (
				D7637EC61D90EEFA002012DC /* TippyTests.swift */,
				D7637EC81D90EEFA002012DC /* Info.plist */,
			);
			path = TippyTests;
			sourceTree = "<group>";
		};
		D7637ED01D90EEFA002012DC /* TippyUITests */ = {
			isa = PBXGroup;
			children = (
				D7637ED11D90EEFA002012DC /* TippyUITests.swift */,
				D7637ED31D90EEFA002012DC /* Info.plist */,
			);
			path = TippyUITests;
			sourceTree = "<group>";
		};
/* End PBXGroup section */

/* Begin PBXNativeTarget section */
		D7637EAD1D90EEFA002012DC /* Tippy */ = {
			isa = PBXNativeTarget;
			buildConfigurationList = D7637ED61D90EEFA002012DC /* Build configuration list for PBXNativeTarget "Tippy" */;
			buildPhases = (
				D7637EAA1D90EEFA002012DC /* Sources */,
				D7637EAB1D90EEFA002012DC /* Frameworks */,
				D7637EAC1D90EEFA002012DC /* Resources */,
			);
			buildRules = (
			);
			dependencies = (
			);
			name = Tippy;
			productName = Tippy;
			productReference = D7637EAE1D90EEFA002012DC /* Tippy.app */;
			productType = "com.apple.product-type.application";
		};
		D7637EC11D90EEFA002012DC /* TippyTests */ = {
			isa = PBXNativeTarget;
			buildConfigurationList = D7637ED91D90EEFA002012DC /* Build configuration list for PBXNativeTarget "TippyTests" */;
			buildPhases = (
				D7637EBE1D90EEFA002012DC /* Sources */,
				D7637EBF1D90EEFA002012DC /* Frameworks */,
				D7637EC01D90EEFA002012DC /* Resources */,
			);
			buildRules = (
			);
			dependencies = (
				D7637EC41D90EEFA002012DC /* PBXTargetDependency */,
			);
			name = TippyTests;
			productName = TippyTests;
			productReference = D7637EC21D90EEFA002012DC /* TippyTests.xctest */;
			productType = "com.apple.product-type.bundle.unit-test";
		};
		D7637ECC1D90EEFA002012DC /* TippyUITests */ = {
			isa = PBXNativeTarget;
			buildConfigurationList = D7637EDC1D90EEFA002012DC /* Build configuration list for PBXNativeTarget "TippyUITests" */;
			buildPhases = (
				D7637EC91D90EEFA002012DC /* Sources */,
				D7637ECA1D90EEFA002012DC /* Frameworks */,
				D7637ECB1D90EEFA002012DC /* Resources */,
			);
			buildRules = (
			);
			dependencies = (
				D7637ECF1D90EEFA002012DC /* PBXTargetDependency */,
			);
			name = TippyUITests;
			productName = TippyUITests;
			productReference = D7637ECD1D90EEFA002012DC /* TippyUITests.xctest */;
			productType = "com.apple.product-type.bundle.ui-testing";
		};
/* End PBXNativeTarget section */

/* Begin PBXProject section */
		D7637EA61D90EEFA002012DC /* Project object */ = {
			isa = PBXProject;
			attributes = {
				LastSwiftUpdateCheck = 0800;
				LastUpgradeCheck = 0800;
				ORGANIZATIONNAME = "Becker, Kathrine V";
				TargetAttributes = {
					D7637EAD1D90EEFA002012DC = {
						CreatedOnToolsVersion = 8.0;
						ProvisioningStyle = Automatic;
					};
					D7637EC11D90EEFA002012DC = {
						CreatedOnToolsVersion = 8.0;
						ProvisioningStyle = Automatic;
						TestTargetID = D7637EAD1D90EEFA002012DC;
					};
					D7637ECC1D90EEFA002012DC = {
						CreatedOnToolsVersion = 8.0;
						ProvisioningStyle = Automatic;
						TestTargetID = D7637EAD1D90EEFA002012DC;
					};
				};
			};
			buildConfigurationList = D7637EA91D90EEFA002012DC /* Build configuration list for PBXProject "Tippy" */;
			compatibilityVersion = "Xcode 3.2";
			developmentRegion = English;
			hasScannedForEncodings = 0;
			knownRegions = (
				en,
				Base,
			);
			mainGroup = D7637EA51D90EEFA002012DC;
			productRefGroup = D7637EAF1D90EEFA002012DC /* Products */;
			projectDirPath = "";
			projectRoot = "";
			targets = (
				D7637EAD1D90EEFA002012DC /* Tippy */,
				D7637EC11D90EEFA002012DC /* TippyTests */,
				D7637ECC1D90EEFA002012DC /* TippyUITests */,
			);
		};
/* End PBXProject section */

/* Begin PBXResourcesBuildPhase section */
		D7637EAC1D90EEFA002012DC /* Resources */ = {
			isa = PBXResourcesBuildPhase;
			buildActionMask = 2147483647;
			files = (
				D7637EBC1D90EEFA002012DC /* LaunchScreen.storyboard in Resources */,
				D7637EB91D90EEFA002012DC /* Assets.xcassets in Resources */,
				D7637EB71D90EEFA002012DC /* Main.storyboard in Resources */,
			);
			runOnlyForDeploymentPostprocessing = 0;
		};
		D7637EC01D90EEFA002012DC /* Resources */ = {
			isa = PBXResourcesBuildPhase;
			buildActionMask = 2147483647;
			files = (
			);
			runOnlyForDeploymentPostprocessing = 0;
		};
		D7637ECB1D90EEFA002012DC /* Resources */ = {
			isa = PBXResourcesBuildPhase;
			buildActionMask = 2147483647;
			files = (
			);
			runOnlyForDeploymentPostprocessing = 0;
		};
/* End PBXResourcesBuildPhase section */

/* Begin PBXSourcesBuildPhase section */
		D7637EAA1D90EEFA002012DC /* Sources */ = {
			isa = PBXSourcesBuildPhase;
			buildActionMask = 2147483647;
			files = (
				D7637EB41D90EEFA002012DC /* ViewController.swift in Sources */,
				D7637EB21D90EEFA002012DC /* AppDelegate.swift in Sources */,
			);
			runOnlyForDeploymentPostprocessing = 0;
		};
		D7637EBE1D90EEFA002012DC /* Sources */ = {
			isa = PBXSourcesBuildPhase;
			buildActionMask = 2147483647;
			files = (
				D7637EC71D90EEFA002012DC /* TippyTests.swift in Sources */,
			);
			runOnlyForDeploymentPostprocessing = 0;
		};
		D7637EC91D90EEFA002012DC /* Sources */ = {
			isa = PBXSourcesBuildPhase;
			buildActionMask = 2147483647;
			files = (
				D7637ED21D90EEFA002012DC /* TippyUITests.swift in Sources */,
			);
			runOnlyForDeploymentPostprocessing = 0;
		};
/* End PBXSourcesBuildPhase section */

/* Begin PBXTargetDependency section */
		D7637EC41D90EEFA002012DC /* PBXTargetDependency */ = {
			isa = PBXTargetDependency;
			target = D7637EAD1D90EEFA002012DC /* Tippy */;
			targetProxy = D7637EC31D90EEFA002012DC /* PBXContainerItemProxy */;
		};
		D7637ECF1D90EEFA002012DC /* PBXTargetDependency */ = {
			isa = PBXTargetDependency;
			target = D7637EAD1D90EEFA002012DC /* Tippy */;
			targetProxy = D7637ECE1D90EEFA002012DC /* PBXContainerItemProxy */;
		};
/* End PBXTargetDependency section */

/* Begin PBXVariantGroup section */
		D7637EB51D90EEFA002012DC /* Main.storyboard */ = {
			isa = PBXVariantGroup;
			children = (
				D7637EB61D90EEFA002012DC /* Base */,
			);
			name = Main.storyboard;
			sourceTree = "<group>";
		};
		D7637EBA1D90EEFA002012DC /* LaunchScreen.storyboard */ = {
			isa = PBXVariantGroup;
			children = (
				D7637EBB1D90EEFA002012DC /* Base */,
			);
			name = LaunchScreen.storyboard;
			sourceTree = "<group>";
		};
/* End PBXVariantGroup section */

/* Begin XCBuildConfiguration section */
		D7637ED41D90EEFA002012DC /* Debug */ = {
			isa = XCBuildConfiguration;
			buildSettings = {
				ALWAYS_SEARCH_USER_PATHS = NO;
				CLANG_ANALYZER_NONNULL = YES;
				CLANG_CXX_LANGUAGE_STANDARD = "gnu++0x";
				CLANG_CXX_LIBRARY = "libc++";
				CLANG_ENABLE_MODULES = YES;
				CLANG_ENABLE_OBJC_ARC = YES;
				CLANG_WARN_BOOL_CONVERSION = YES;
				CLANG_WARN_CONSTANT_CONVERSION = YES;
				CLANG_WARN_DIRECT_OBJC_ISA_USAGE = YES_ERROR;
				CLANG_WARN_DOCUMENTATION_COMMENTS = YES;
				CLANG_WARN_EMPTY_BODY = YES;
				CLANG_WARN_ENUM_CONVERSION = YES;
				CLANG_WARN_INFINITE_RECURSION = YES;
				CLANG_WARN_INT_CONVERSION = YES;
				CLANG_WARN_OBJC_ROOT_CLASS = YES_ERROR;
				CLANG_WARN_SUSPICIOUS_MOVES = YES;
				CLANG_WARN_UNREACHABLE_CODE = YES;
				CLANG_WARN__DUPLICATE_METHOD_MATCH = YES;
				"CODE_SIGN_IDENTITY[sdk=iphoneos*]" = "iPhone Developer";
				COPY_PHASE_STRIP = NO;
				DEBUG_INFORMATION_FORMAT = dwarf;
				ENABLE_STRICT_OBJC_MSGSEND = YES;
				ENABLE_TESTABILITY = YES;
				GCC_C_LANGUAGE_STANDARD = gnu99;
				GCC_DYNAMIC_NO_PIC = NO;
				GCC_NO_COMMON_BLOCKS = YES;
				GCC_OPTIMIZATION_LEVEL = 0;
				GCC_PREPROCESSOR_DEFINITIONS = (
					"DEBUG=1",
					"$(inherited)",
				);
				GCC_WARN_64_TO_32_BIT_CONVERSION = YES;
				GCC_WARN_ABOUT_RETURN_TYPE = YES_ERROR;
				GCC_WARN_UNDECLARED_SELECTOR = YES;
				GCC_WARN_UNINITIALIZED_AUTOS = YES_AGGRESSIVE;
				GCC_WARN_UNUSED_FUNCTION = YES;
				GCC_WARN_UNUSED_VARIABLE = YES;
				IPHONEOS_DEPLOYMENT_TARGET = 10.0;
				MTL_ENABLE_DEBUG_INFO = YES;
				ONLY_ACTIVE_ARCH = YES;
				SDKROOT = iphoneos;
				SWIFT_ACTIVE_COMPILATION_CONDITIONS = DEBUG;
				SWIFT_OPTIMIZATION_LEVEL = "-Onone";
			};
			name = Debug;
		};
		D7637ED51D90EEFA002012DC /* Release */ = {
			isa = XCBuildConfiguration;
			buildSettings = {
				ALWAYS_SEARCH_USER_PATHS = NO;
				CLANG_ANALYZER_NONNULL = YES;
				CLANG_CXX_LANGUAGE_STANDARD = "gnu++0x";
				CLANG_CXX_LIBRARY = "libc++";
				CLANG_ENABLE_MODULES = YES;
				CLANG_ENABLE_OBJC_ARC = YES;
				CLANG_WARN_BOOL_CONVERSION = YES;
				CLANG_WARN_CONSTANT_CONVERSION = YES;
				CLANG_WARN_DIRECT_OBJC_ISA_USAGE = YES_ERROR;
				CLANG_WARN_DOCUMENTATION_COMMENTS = YES;
				CLANG_WARN_EMPTY_BODY = YES;
				CLANG_WARN_ENUM_CONVERSION = YES;
				CLANG_WARN_INFINITE_RECURSION = YES;
				CLANG_WARN_INT_CONVERSION = YES;
				CLANG_WARN_OBJC_ROOT_CLASS = YES_ERROR;
				CLANG_WARN_SUSPICIOUS_MOVES = YES;
				CLANG_WARN_UNREACHABLE_CODE = YES;
				CLANG_WARN__DUPLICATE_METHOD_MATCH = YES;
				"CODE_SIGN_IDENTITY[sdk=iphoneos*]" = "iPhone Developer";
				COPY_PHASE_STRIP = NO;
				DEBUG_INFORMATION_FORMAT = "dwarf-with-dsym";
				ENABLE_NS_ASSERTIONS = NO;
				ENABLE_STRICT_OBJC_MSGSEND = YES;
				GCC_C_LANGUAGE_STANDARD = gnu99;
				GCC_NO_COMMON_BLOCKS = YES;
				GCC_WARN_64_TO_32_BIT_CONVERSION = YES;
				GCC_WARN_ABOUT_RETURN_TYPE = YES_ERROR;
				GCC_WARN_UNDECLARED_SELECTOR = YES;
				GCC_WARN_UNINITIALIZED_AUTOS = YES_AGGRESSIVE;
				GCC_WARN_UNUSED_FUNCTION = YES;
				GCC_WARN_UNUSED_VARIABLE = YES;
				IPHONEOS_DEPLOYMENT_TARGET = 10.0;
				MTL_ENABLE_DEBUG_INFO = NO;
				SDKROOT = iphoneos;
				SWIFT_OPTIMIZATION_LEVEL = "-Owholemodule";
				VALIDATE_PRODUCT = YES;
			};
			name = Release;
		};
		D7637ED71D90EEFA002012DC /* Debug */ = {
			isa = XCBuildConfiguration;
			buildSettings = {
				ASSETCATALOG_COMPILER_APPICON_NAME = AppIcon;
				INFOPLIST_FILE = Tippy/Info.plist;
				LD_RUNPATH_SEARCH_PATHS = "$(inherited) @executable_path/Frameworks";
				PRODUCT_BUNDLE_IDENTIFIER = com.codepath.Tippy;
				PRODUCT_NAME = "$(TARGET_NAME)";
				SWIFT_VERSION = 3.0;
			};
			name = Debug;
		};
		D7637ED81D90EEFA002012DC /* Release */ = {
			isa = XCBuildConfiguration;
			buildSettings = {
				ASSETCATALOG_COMPILER_APPICON_NAME = AppIcon;
				INFOPLIST_FILE = Tippy/Info.plist;
				LD_RUNPATH_SEARCH_PATHS = "$(inherited) @executable_path/Frameworks";
				PRODUCT_BUNDLE_IDENTIFIER = com.codepath.Tippy;
				PRODUCT_NAME = "$(TARGET_NAME)";
				SWIFT_VERSION = 3.0;
			};
			name = Release;
		};
		D7637EDA1D90EEFA002012DC /* Debug */ = {
			isa = XCBuildConfiguration;
			buildSettings = {
				ALWAYS_EMBED_SWIFT_STANDARD_LIBRARIES = YES;
				BUNDLE_LOADER = "$(TEST_HOST)";
				INFOPLIST_FILE = TippyTests/Info.plist;
				LD_RUNPATH_SEARCH_PATHS = "$(inherited) @executable_path/Frameworks @loader_path/Frameworks";
				PRODUCT_BUNDLE_IDENTIFIER = com.codepath.TippyTests;
				PRODUCT_NAME = "$(TARGET_NAME)";
				SWIFT_VERSION = 3.0;
				TEST_HOST = "$(BUILT_PRODUCTS_DIR)/Tippy.app/Tippy";
			};
			name = Debug;
		};
		D7637EDB1D90EEFA002012DC /* Release */ = {
			isa = XCBuildConfiguration;
			buildSettings = {
				ALWAYS_EMBED_SWIFT_STANDARD_LIBRARIES = YES;
				BUNDLE_LOADER = "$(TEST_HOST)";
				INFOPLIST_FILE = TippyTests/Info.plist;
				LD_RUNPATH_SEARCH_PATHS = "$(inherited) @executable_path/Frameworks @loader_path/Frameworks";
				PRODUCT_BUNDLE_IDENTIFIER = com.codepath.TippyTests;
				PRODUCT_NAME = "$(TARGET_NAME)";
				SWIFT_VERSION = 3.0;
				TEST_HOST = "$(BUILT_PRODUCTS_DIR)/Tippy.app/Tippy";
			};
			name = Release;
		};
		D7637EDD1D90EEFA002012DC /* Debug */ = {
			isa = XCBuildConfiguration;
			buildSettings = {
				ALWAYS_EMBED_SWIFT_STANDARD_LIBRARIES = YES;
				INFOPLIST_FILE = TippyUITests/Info.plist;
				LD_RUNPATH_SEARCH_PATHS = "$(inherited) @executable_path/Frameworks @loader_path/Frameworks";
				PRODUCT_BUNDLE_IDENTIFIER = com.codepath.TippyUITests;
				PRODUCT_NAME = "$(TARGET_NAME)";
				SWIFT_VERSION = 3.0;
				TEST_TARGET_NAME = Tippy;
			};
			name = Debug;
		};
		D7637EDE1D90EEFA002012DC /* Release */ = {
			isa = XCBuildConfiguration;
			buildSettings = {
				ALWAYS_EMBED_SWIFT_STANDARD_LIBRARIES = YES;
				INFOPLIST_FILE = TippyUITests/Info.plist;
				LD_RUNPATH_SEARCH_PATHS = "$(inherited) @executable_path/Frameworks @loader_path/Frameworks";
				PRODUCT_BUNDLE_IDENTIFIER = com.codepath.TippyUITests;
				PRODUCT_NAME = "$(TARGET_NAME)";
				SWIFT_VERSION = 3.0;
				TEST_TARGET_NAME = Tippy;
			};
			name = Release;
		};
/* End XCBuildConfiguration section */

/* Begin XCConfigurationList section */
		D7637EA91D90EEFA002012DC /* Build configuration list for PBXProject "Tippy" */ = {
			isa = XCConfigurationList;
			buildConfigurations = (
				D7637ED41D90EEFA002012DC /* Debug */,
				D7637ED51D90EEFA002012DC /* Release */,
			);
			defaultConfigurationIsVisible = 0;
			defaultConfigurationName = Release;
		};
		D7637ED61D90EEFA002012DC /* Build configuration list for PBXNativeTarget "Tippy" */ = {
			isa = XCConfigurationList;
			buildConfigurations = (
				D7637ED71D90EEFA002012DC /* Debug */,
				D7637ED81D90EEFA002012DC /* Release */,
			);
			defaultConfigurationIsVisible = 0;
		};
		D7637ED91D90EEFA002012DC /* Build configuration list for PBXNativeTarget "TippyTests" */ = {
			isa = XCConfigurationList;
			buildConfigurations = (
				D7637EDA1D90EEFA002012DC /* Debug */,
				D7637EDB1D90EEFA002012DC /* Release */,
			);
			defaultConfigurationIsVisible = 0;
		};
		D7637EDC1D90EEFA002012DC /* Build configuration list for PBXNativeTarget "TippyUITests" */ = {
			isa = XCConfigurationList;
			buildConfigurations = (
				D7637EDD1D90EEFA002012DC /* Debug */,
				D7637EDE1D90EEFA002012DC /* Release */,
			);
			defaultConfigurationIsVisible = 0;
		};
/* End XCConfigurationList section */
	};
	rootObject = D7637EA61D90EEFA002012DC /* Project object */;
}
